
Microsoft Visual Studio Solution File, Format Version 12.00
# Visual Studio 15
VisualStudioVersion = 15.0.28307.1831
MinimumVisualStudioVersion = 10.0.40219.1
Project("{FAE04EC0-301F-11D3-BF4B-00C04F79EFBC}") = "WebApi", "WebApi\WebApi.csproj", "{3781A530-B3A4-4836-B9AC-EFA8C6669491}"
EndProject
Project("{FAE04EC0-301F-11D3-BF4B-00C04F79EFBC}") = "Service", "Service\Service.csproj", "{11A76B18-5EA6-429E-A7F6-BF4CE86A0DB3}"
EndProject
Project("{FAE04EC0-301F-11D3-BF4B-00C04F79EFBC}") = "Data", "Data\Data.csproj", "{97DB6636-C4BD-4020-841E-48B8E663B57B}"
EndProject
Global
	GlobalSection(SolutionConfigurationPlatforms) = preSolution
		Debug|Any CPU = Debug|Any CPU
		Release|Any CPU = Release|Any CPU
	EndGlobalSection
	GlobalSection(ProjectConfigurationPlatforms) = postSolution
		{3781A530-B3A4-4836-B9AC-EFA8C6669491}.Debug|Any CPU.ActiveCfg = Debug|Any CPU
		{3781A530-B3A4-4836-B9AC-EFA8C6669491}.Debug|Any CPU.Build.0 = Debug|Any CPU
		{3781A530-B3A4-4836-B9AC-EFA8C6669491}.Release|Any CPU.ActiveCfg = Release|Any CPU
		{3781A530-B3A4-4836-B9AC-EFA8C6669491}.Release|Any CPU.Build.0 = Release|Any CPU
		{11A76B18-5EA6-429E-A7F6-BF4CE86A0DB3}.Debug|Any CPU.ActiveCfg = Debug|Any CPU
		{11A76B18-5EA6-429E-A7F6-BF4CE86A0DB3}.Debug|Any CPU.Build.0 = Debug|Any CPU
		{11A76B18-5EA6-429E-A7F6-BF4CE86A0DB3}.Release|Any CPU.ActiveCfg = Release|Any CPU
		{11A76B18-5EA6-429E-A7F6-BF4CE86A0DB3}.Release|Any CPU.Build.0 = Release|Any CPU
		{97DB6636-C4BD-4020-841E-48B8E663B57B}.Debug|Any CPU.ActiveCfg = Debug|Any CPU
		{97DB6636-C4BD-4020-841E-48B8E663B57B}.Debug|Any CPU.Build.0 = Debug|Any CPU
		{97DB6636-C4BD-4020-841E-48B8E663B57B}.Release|Any CPU.ActiveCfg = Release|Any CPU
		{97DB6636-C4BD-4020-841E-48B8E663B57B}.Release|Any CPU.Build.0 = Release|Any CPU
	EndGlobalSection
	GlobalSection(SolutionProperties) = preSolution
		HideSolutionNode = FALSE
	EndGlobalSection
	GlobalSection(ExtensibilityGlobals) = postSolution
		SolutionGuid = {4356269C-A7DA-4833-91BD-C9853EE8D51D}
	EndGlobalSection
EndGlobal
